
Microsoft Visual Studio Solution File, Format Version 12.00
# Visual Studio 14
VisualStudioVersion = 14.0.23107.0
MinimumVisualStudioVersion = 10.0.40219.1
Project("{2150E333-8FDC-42A3-9474-1A3956D46DE8}") = "src", "src", "{9C99B403-BFC1-490D-9073-FAB579F016C0}"
EndProject
Project("{2150E333-8FDC-42A3-9474-1A3956D46DE8}") = "Solution Items", "Solution Items", "{886D62F4-2685-42E9-8A8D-8F30A6C3A8D3}"
	ProjectSection(SolutionItems) = preProject
		global.json = global.json
	EndProjectSection
EndProject
Project("{8BB2217D-0F2D-49D1-97BC-3654ED321F3B}") = "Satellizer", "src\Satellizer\Satellizer.xproj", "{1872562C-0EBE-49B1-AAB4-E29EEDE951C9}"
EndProject
Global
	GlobalSection(SolutionConfigurationPlatforms) = preSolution
		Debug|Any CPU = Debug|Any CPU
		Release|Any CPU = Release|Any CPU
	EndGlobalSection
	GlobalSection(ProjectConfigurationPlatforms) = postSolution
		{1872562C-0EBE-49B1-AAB4-E29EEDE951C9}.Debug|Any CPU.ActiveCfg = Debug|Any CPU
		{1872562C-0EBE-49B1-AAB4-E29EEDE951C9}.Debug|Any CPU.Build.0 = Debug|Any CPU
		{1872562C-0EBE-49B1-AAB4-E29EEDE951C9}.Release|Any CPU.ActiveCfg = Release|Any CPU
		{1872562C-0EBE-49B1-AAB4-E29EEDE951C9}.Release|Any CPU.Build.0 = Release|Any CPU
	EndGlobalSection
	GlobalSection(SolutionProperties) = preSolution
		HideSolutionNode = FALSE
	EndGlobalSection
	GlobalSection(NestedProjects) = preSolution
		{1872562C-0EBE-49B1-AAB4-E29EEDE951C9} = {9C99B403-BFC1-490D-9073-FAB579F016C0}
	EndGlobalSection
EndGlobal
